
Microsoft Visual Studio Solution File, Format Version 12.00
# Visual Studio Version 16
VisualStudioVersion = 16.0.30611.23
MinimumVisualStudioVersion = 10.0.40219.1
Project("{FAE04EC0-301F-11D3-BF4B-00C04F79EFBC}") = "tesserecttest1", "tesserecttest1\tesserecttest1.csproj", "{808AE328-5F09-4E94-89EC-F661C43ED74D}"
EndProject
Global
	GlobalSection(SolutionConfigurationPlatforms) = preSolution
		Debug|Any CPU = Debug|Any CPU
		Release|Any CPU = Release|Any CPU
	EndGlobalSection
	GlobalSection(ProjectConfigurationPlatforms) = postSolution
		{808AE328-5F09-4E94-89EC-F661C43ED74D}.Debug|Any CPU.ActiveCfg = Debug|Any CPU
		{808AE328-5F09-4E94-89EC-F661C43ED74D}.Debug|Any CPU.Build.0 = Debug|Any CPU
		{808AE328-5F09-4E94-89EC-F661C43ED74D}.Release|Any CPU.ActiveCfg = Release|Any CPU
		{808AE328-5F09-4E94-89EC-F661C43ED74D}.Release|Any CPU.Build.0 = Release|Any CPU
	EndGlobalSection
	GlobalSection(SolutionProperties) = preSolution
		HideSolutionNode = FALSE
	EndGlobalSection
	GlobalSection(ExtensibilityGlobals) = postSolution
		SolutionGuid = {B5F9A4CC-CC13-4068-AB36-5840DE599786}
	EndGlobalSection
EndGlobal
